
Microsoft Visual Studio Solution File, Format Version 12.00
# Visual Studio Version 17
VisualStudioVersion = 17.10.35122.118
MinimumVisualStudioVersion = 10.0.40219.1
Project("{8BC9CEB8-8B4A-11D0-8D11-00A0C91BC942}") = "Lib -- ZLib", "Lib -- ZLib\Lib -- ZLib.vcxproj", "{6C10432F-B473-4F09-958B-AC79E43EC1BA}"
EndProject
Project("{8BC9CEB8-8B4A-11D0-8D11-00A0C91BC942}") = "Client -- BugTrap", "Client -- BugTrap\Client -- BugTrap.vcxproj", "{A1644095-11B3-475F-93C1-33075092199B}"
EndProject
Project("{2150E333-8FDC-42A3-9474-1A3956D46DE8}") = "[ Client ]", "[ Client ]", "{16908AB1-A016-4D16-9628-D9D3002043BD}"
EndProject
Project("{2150E333-8FDC-42A3-9474-1A3956D46DE8}") = "[ Library ]", "[ Library ]", "{EDC4F247-50CC-4086-8602-9E8749BAD694}"
EndProject
Project("{2150E333-8FDC-42A3-9474-1A3956D46DE8}") = "[ Tool ]", "[ Tool ]", "{996FA552-51E9-45C2-8A0E-8FB32FB1F35C}"
EndProject
Project("{8BC9CEB8-8B4A-11D0-8D11-00A0C91BC942}") = "Lib -- Engine", "Lib -- Engine\Lib -- Engine.vcxproj", "{39FABBD1-ECB5-451F-9601-4A38B98C4F1B}"
EndProject
Project("{8BC9CEB8-8B4A-11D0-8D11-00A0C91BC942}") = "Lib -- ClientUI", "Lib -- ClientUI\Lib -- ClientUI.vcxproj", "{F563CA98-072B-4FC3-911A-53D86AD4890B}"
EndProject
Project("{8BC9CEB8-8B4A-11D0-8D11-00A0C91BC942}") = "Lib -- Client", "Lib -- Client\Lib -- Client.vcxproj", "{7DC60117-79EC-4077-AAD2-CEDF528CDE3D}"
EndProject
Project("{8BC9CEB8-8B4A-11D0-8D11-00A0C91BC942}") = "Lib -- Helper", "Lib -- Helper\Lib -- Helper.vcxproj", "{1D0C0F1E-E6D3-4971-A209-7FD21E063295}"
EndProject
Project("{8BC9CEB8-8B4A-11D0-8D11-00A0C91BC942}") = "Lib -- Network", "Lib -- Network\Lib -- Network.vcxproj", "{D41F3F2E-0C2D-4229-9698-2CD5BF3DAC01}"
EndProject
Project("{8BC9CEB8-8B4A-11D0-8D11-00A0C91BC942}") = "Tool -- GameViewer", "Tool -- GameViewer\Tool - GameViewer.vcxproj", "{EE2F9AD1-827F-42AD-A1EE-A5FFBF16B7EA}"
	ProjectSection(ProjectDependencies) = postProject
		{7DC60117-79EC-4077-AAD2-CEDF528CDE3D} = {7DC60117-79EC-4077-AAD2-CEDF528CDE3D}
		{1D0C0F1E-E6D3-4971-A209-7FD21E063295} = {1D0C0F1E-E6D3-4971-A209-7FD21E063295}
		{D41F3F2E-0C2D-4229-9698-2CD5BF3DAC01} = {D41F3F2E-0C2D-4229-9698-2CD5BF3DAC01}
		{A1644095-11B3-475F-93C1-33075092199B} = {A1644095-11B3-475F-93C1-33075092199B}
		{F563CA98-072B-4FC3-911A-53D86AD4890B} = {F563CA98-072B-4FC3-911A-53D86AD4890B}
		{39FABBD1-ECB5-451F-9601-4A38B98C4F1B} = {39FABBD1-ECB5-451F-9601-4A38B98C4F1B}
	EndProjectSection
EndProject
Project("{8BC9CEB8-8B4A-11D0-8D11-00A0C91BC942}") = "Tool -- Emulator", "Tool -- Emulator\Tool -- Emulator.vcxproj", "{594B2B46-1B8F-4006-A4ED-158628A6A692}"
EndProject
Project("{8BC9CEB8-8B4A-11D0-8D11-00A0C91BC942}") = "Tool -- Level", "Tool -- Level\Tool -- Level.vcxproj", "{5ACBADAB-57BD-4D46-B659-6446DC32AC8F}"
EndProject
Project("{8BC9CEB8-8B4A-11D0-8D11-00A0C91BC942}") = "Tool -- GenItem", "Tool -- GenItem\Tool -- GenItem.vcxproj", "{126AE974-BAD4-4BBB-B72C-8393E7E792BB}"
EndProject
Project("{8BC9CEB8-8B4A-11D0-8D11-00A0C91BC942}") = "Tool -- Activity", "Tool -- Activity\Tool -- Activity.vcxproj", "{654A4F2C-A982-441F-B220-089713C42A1C}"
EndProject
Project("{8BC9CEB8-8B4A-11D0-8D11-00A0C91BC942}") = "Tool -- Item", "Tool -- Item\Tool -- Item.vcxproj", "{7BDAEF4D-2ED8-49F6-A150-D4D6A1CDAC98}"
EndProject
Project("{8BC9CEB8-8B4A-11D0-8D11-00A0C91BC942}") = "Tool -- ItemMix", "Tool -- ItemMix\Tool -- ItemMix.vcxproj", "{A02DB5E0-250D-4EB5-B825-FCA5974A4873}"
EndProject
Project("{8BC9CEB8-8B4A-11D0-8D11-00A0C91BC942}") = "Tool -- MapList", "Tool -- MapList\Tool -- MapList.vcxproj", "{15B575A6-631B-4DDC-BC2B-789ED00B839B}"
EndProject
Project("{8BC9CEB8-8B4A-11D0-8D11-00A0C91BC942}") = "Tool -- NpcAction", "Tool -- NpcAction\Tool -- NpcAction.vcxproj", "{75E55736-7030-425C-A574-EF0E0E8347DC}"
EndProject
Project("{8BC9CEB8-8B4A-11D0-8D11-00A0C91BC942}") = "Tool -- Quest", "Tool -- Quest\Tool -- Quest.vcxproj", "{FCDB346C-38C9-4E5F-85ED-3D1096AF4F00}"
EndProject
Project("{8BC9CEB8-8B4A-11D0-8D11-00A0C91BC942}") = "Tool -- Skill", "Tool -- Skill\Tool -- Skill.vcxproj", "{B5E4C8D0-BA2C-4E20-9CBD-ECDC6F169DE8}"
EndProject
Project("{8BC9CEB8-8B4A-11D0-8D11-00A0C91BC942}") = "Tool -- SkinChar", "Tool -- SkinChar\Tool -- SkinChar.vcxproj", "{23B92FD4-9AC9-435A-AC4C-095B4D751DA8}"
EndProject
Project("{8BC9CEB8-8B4A-11D0-8D11-00A0C91BC942}") = "Tool -- SkinPiece", "Tool -- SkinPiece\Tool -- SkinPiece.vcxproj", "{D8BA61EE-5F81-40F6-A19C-DA35E8070B45}"
EndProject
Project("{8BC9CEB8-8B4A-11D0-8D11-00A0C91BC942}") = "Tool -- Taxi", "Tool -- Taxi\Tool -- Taxi.vcxproj", "{F5309C47-027D-4752-84FA-CCC74BB0CF8B}"
EndProject
Project("{8BC9CEB8-8B4A-11D0-8D11-00A0C91BC942}") = "Tool -- FileCrypt", "Tool -- FileCrypt\Tool -- FileCrypt.vcxproj", "{0A24F157-A7E8-4E00-B02A-26B4E4DC6AE3}"
EndProject
Project("{8BC9CEB8-8B4A-11D0-8D11-00A0C91BC942}") = "Client -- Game", "Client -- Game\Client -- Game.vcxproj", "{55F207E1-DB8C-4A7F-B537-7220F652487B}"
EndProject
Project("{8BC9CEB8-8B4A-11D0-8D11-00A0C91BC942}") = "Tool -- MobNpc", "Tool -- MobNpc\Tool -- MobNpc.vcxproj", "{6435F350-3678-4307-AC22-CA86F6B20D3F}"
EndProject
Project("{8BC9CEB8-8B4A-11D0-8D11-00A0C91BC942}") = "Tool -- XConvert", "Tool -- XConvert\Tool -- XConvert.vcxproj", "{8BCB9D2D-2D91-4B08-A667-6021ABC4243B}"
EndProject
Global
	GlobalSection(SolutionConfigurationPlatforms) = preSolution
		Release|Mixed Platforms = Release|Mixed Platforms
		Release|Win32 = Release|Win32
		Release|x64 = Release|x64
		Release|x86 = Release|x86
	EndGlobalSection
	GlobalSection(ProjectConfigurationPlatforms) = postSolution
		{6C10432F-B473-4F09-958B-AC79E43EC1BA}.Release|Mixed Platforms.ActiveCfg = Release|Win32
		{6C10432F-B473-4F09-958B-AC79E43EC1BA}.Release|Mixed Platforms.Build.0 = Release|Win32
		{6C10432F-B473-4F09-958B-AC79E43EC1BA}.Release|Win32.ActiveCfg = Release|Win32
		{6C10432F-B473-4F09-958B-AC79E43EC1BA}.Release|Win32.Build.0 = Release|Win32
		{6C10432F-B473-4F09-958B-AC79E43EC1BA}.Release|x64.ActiveCfg = Release|x64
		{6C10432F-B473-4F09-958B-AC79E43EC1BA}.Release|x64.Build.0 = Release|x64
		{6C10432F-B473-4F09-958B-AC79E43EC1BA}.Release|x86.ActiveCfg = Release|Win32
		{6C10432F-B473-4F09-958B-AC79E43EC1BA}.Release|x86.Build.0 = Release|Win32
		{A1644095-11B3-475F-93C1-33075092199B}.Release|Mixed Platforms.ActiveCfg = Release|Win32
		{A1644095-11B3-475F-93C1-33075092199B}.Release|Mixed Platforms.Build.0 = Release|Win32
		{A1644095-11B3-475F-93C1-33075092199B}.Release|Win32.ActiveCfg = Release|Win32
		{A1644095-11B3-475F-93C1-33075092199B}.Release|Win32.Build.0 = Release|Win32
		{A1644095-11B3-475F-93C1-33075092199B}.Release|x64.ActiveCfg = Release|x64
		{A1644095-11B3-475F-93C1-33075092199B}.Release|x64.Build.0 = Release|x64
		{A1644095-11B3-475F-93C1-33075092199B}.Release|x86.ActiveCfg = Release|Win32
		{A1644095-11B3-475F-93C1-33075092199B}.Release|x86.Build.0 = Release|Win32
		{39FABBD1-ECB5-451F-9601-4A38B98C4F1B}.Release|Mixed Platforms.ActiveCfg = Release|Win32
		{39FABBD1-ECB5-451F-9601-4A38B98C4F1B}.Release|Mixed Platforms.Build.0 = Release|Win32
		{39FABBD1-ECB5-451F-9601-4A38B98C4F1B}.Release|Win32.ActiveCfg = Release|Win32
		{39FABBD1-ECB5-451F-9601-4A38B98C4F1B}.Release|Win32.Build.0 = Release|Win32
		{39FABBD1-ECB5-451F-9601-4A38B98C4F1B}.Release|x64.ActiveCfg = Release|Win32
		{39FABBD1-ECB5-451F-9601-4A38B98C4F1B}.Release|x64.Build.0 = Release|Win32
		{39FABBD1-ECB5-451F-9601-4A38B98C4F1B}.Release|x86.ActiveCfg = Release|Win32
		{39FABBD1-ECB5-451F-9601-4A38B98C4F1B}.Release|x86.Build.0 = Release|Win32
		{F563CA98-072B-4FC3-911A-53D86AD4890B}.Release|Mixed Platforms.ActiveCfg = Release|Win32
		{F563CA98-072B-4FC3-911A-53D86AD4890B}.Release|Mixed Platforms.Build.0 = Release|Win32
		{F563CA98-072B-4FC3-911A-53D86AD4890B}.Release|Win32.ActiveCfg = Release|Win32
		{F563CA98-072B-4FC3-911A-53D86AD4890B}.Release|Win32.Build.0 = Release|Win32
		{F563CA98-072B-4FC3-911A-53D86AD4890B}.Release|x64.ActiveCfg = Release|Win32
		{F563CA98-072B-4FC3-911A-53D86AD4890B}.Release|x64.Build.0 = Release|Win32
		{F563CA98-072B-4FC3-911A-53D86AD4890B}.Release|x86.ActiveCfg = Release|Win32
		{F563CA98-072B-4FC3-911A-53D86AD4890B}.Release|x86.Build.0 = Release|Win32
		{7DC60117-79EC-4077-AAD2-CEDF528CDE3D}.Release|Mixed Platforms.ActiveCfg = Release|Win32
		{7DC60117-79EC-4077-AAD2-CEDF528CDE3D}.Release|Mixed Platforms.Build.0 = Release|Win32
		{7DC60117-79EC-4077-AAD2-CEDF528CDE3D}.Release|Win32.ActiveCfg = Release|Win32
		{7DC60117-79EC-4077-AAD2-CEDF528CDE3D}.Release|Win32.Build.0 = Release|Win32
		{7DC60117-79EC-4077-AAD2-CEDF528CDE3D}.Release|x64.ActiveCfg = Release|Win32
		{7DC60117-79EC-4077-AAD2-CEDF528CDE3D}.Release|x64.Build.0 = Release|Win32
		{7DC60117-79EC-4077-AAD2-CEDF528CDE3D}.Release|x86.ActiveCfg = Release|Win32
		{7DC60117-79EC-4077-AAD2-CEDF528CDE3D}.Release|x86.Build.0 = Release|Win32
		{1D0C0F1E-E6D3-4971-A209-7FD21E063295}.Release|Mixed Platforms.ActiveCfg = Release|Win32
		{1D0C0F1E-E6D3-4971-A209-7FD21E063295}.Release|Mixed Platforms.Build.0 = Release|Win32
		{1D0C0F1E-E6D3-4971-A209-7FD21E063295}.Release|Win32.ActiveCfg = Release|Win32
		{1D0C0F1E-E6D3-4971-A209-7FD21E063295}.Release|Win32.Build.0 = Release|Win32
		{1D0C0F1E-E6D3-4971-A209-7FD21E063295}.Release|x64.ActiveCfg = Release|Win32
		{1D0C0F1E-E6D3-4971-A209-7FD21E063295}.Release|x64.Build.0 = Release|Win32
		{1D0C0F1E-E6D3-4971-A209-7FD21E063295}.Release|x86.ActiveCfg = Release|Win32
		{1D0C0F1E-E6D3-4971-A209-7FD21E063295}.Release|x86.Build.0 = Release|Win32
		{D41F3F2E-0C2D-4229-9698-2CD5BF3DAC01}.Release|Mixed Platforms.ActiveCfg = Release|Win32
		{D41F3F2E-0C2D-4229-9698-2CD5BF3DAC01}.Release|Mixed Platforms.Build.0 = Release|Win32
		{D41F3F2E-0C2D-4229-9698-2CD5BF3DAC01}.Release|Win32.ActiveCfg = Release|Win32
		{D41F3F2E-0C2D-4229-9698-2CD5BF3DAC01}.Release|Win32.Build.0 = Release|Win32
		{D41F3F2E-0C2D-4229-9698-2CD5BF3DAC01}.Release|x64.ActiveCfg = Release|Win32
		{D41F3F2E-0C2D-4229-9698-2CD5BF3DAC01}.Release|x64.Build.0 = Release|Win32
		{D41F3F2E-0C2D-4229-9698-2CD5BF3DAC01}.Release|x86.ActiveCfg = Release|Win32
		{D41F3F2E-0C2D-4229-9698-2CD5BF3DAC01}.Release|x86.Build.0 = Release|Win32
		{EE2F9AD1-827F-42AD-A1EE-A5FFBF16B7EA}.Release|Mixed Platforms.ActiveCfg = Release|Win32
		{EE2F9AD1-827F-42AD-A1EE-A5FFBF16B7EA}.Release|Mixed Platforms.Build.0 = Release|Win32
		{EE2F9AD1-827F-42AD-A1EE-A5FFBF16B7EA}.Release|Win32.ActiveCfg = Release|Win32
		{EE2F9AD1-827F-42AD-A1EE-A5FFBF16B7EA}.Release|Win32.Build.0 = Release|Win32
		{EE2F9AD1-827F-42AD-A1EE-A5FFBF16B7EA}.Release|x64.ActiveCfg = Release|Win32
		{EE2F9AD1-827F-42AD-A1EE-A5FFBF16B7EA}.Release|x64.Build.0 = Release|Win32
		{EE2F9AD1-827F-42AD-A1EE-A5FFBF16B7EA}.Release|x86.ActiveCfg = Release|Win32
		{EE2F9AD1-827F-42AD-A1EE-A5FFBF16B7EA}.Release|x86.Build.0 = Release|Win32
		{594B2B46-1B8F-4006-A4ED-158628A6A692}.Release|Mixed Platforms.ActiveCfg = Release|Win32
		{594B2B46-1B8F-4006-A4ED-158628A6A692}.Release|Mixed Platforms.Build.0 = Release|Win32
		{594B2B46-1B8F-4006-A4ED-158628A6A692}.Release|Win32.ActiveCfg = Release|Win32
		{594B2B46-1B8F-4006-A4ED-158628A6A692}.Release|Win32.Build.0 = Release|Win32
		{594B2B46-1B8F-4006-A4ED-158628A6A692}.Release|x64.ActiveCfg = Release|Win32
		{594B2B46-1B8F-4006-A4ED-158628A6A692}.Release|x64.Build.0 = Release|Win32
		{594B2B46-1B8F-4006-A4ED-158628A6A692}.Release|x86.ActiveCfg = Release|Win32
		{594B2B46-1B8F-4006-A4ED-158628A6A692}.Release|x86.Build.0 = Release|Win32
		{5ACBADAB-57BD-4D46-B659-6446DC32AC8F}.Release|Mixed Platforms.ActiveCfg = Release|Win32
		{5ACBADAB-57BD-4D46-B659-6446DC32AC8F}.Release|Mixed Platforms.Build.0 = Release|Win32
		{5ACBADAB-57BD-4D46-B659-6446DC32AC8F}.Release|Win32.ActiveCfg = Release|Win32
		{5ACBADAB-57BD-4D46-B659-6446DC32AC8F}.Release|Win32.Build.0 = Release|Win32
		{5ACBADAB-57BD-4D46-B659-6446DC32AC8F}.Release|x64.ActiveCfg = Release|Win32
		{5ACBADAB-57BD-4D46-B659-6446DC32AC8F}.Release|x64.Build.0 = Release|Win32
		{5ACBADAB-57BD-4D46-B659-6446DC32AC8F}.Release|x86.ActiveCfg = Release|Win32
		{5ACBADAB-57BD-4D46-B659-6446DC32AC8F}.Release|x86.Build.0 = Release|Win32
		{126AE974-BAD4-4BBB-B72C-8393E7E792BB}.Release|Mixed Platforms.ActiveCfg = Release|Win32
		{126AE974-BAD4-4BBB-B72C-8393E7E792BB}.Release|Mixed Platforms.Build.0 = Release|Win32
		{126AE974-BAD4-4BBB-B72C-8393E7E792BB}.Release|Win32.ActiveCfg = Release|Win32
		{126AE974-BAD4-4BBB-B72C-8393E7E792BB}.Release|Win32.Build.0 = Release|Win32
		{126AE974-BAD4-4BBB-B72C-8393E7E792BB}.Release|x64.ActiveCfg = Release|Win32
		{126AE974-BAD4-4BBB-B72C-8393E7E792BB}.Release|x64.Build.0 = Release|Win32
		{126AE974-BAD4-4BBB-B72C-8393E7E792BB}.Release|x86.ActiveCfg = Release|Win32
		{126AE974-BAD4-4BBB-B72C-8393E7E792BB}.Release|x86.Build.0 = Release|Win32
		{654A4F2C-A982-441F-B220-089713C42A1C}.Release|Mixed Platforms.ActiveCfg = Release|Win32
		{654A4F2C-A982-441F-B220-089713C42A1C}.Release|Mixed Platforms.Build.0 = Release|Win32
		{654A4F2C-A982-441F-B220-089713C42A1C}.Release|Win32.ActiveCfg = Release|Win32
		{654A4F2C-A982-441F-B220-089713C42A1C}.Release|Win32.Build.0 = Release|Win32
		{654A4F2C-A982-441F-B220-089713C42A1C}.Release|x64.ActiveCfg = Release|Win32
		{654A4F2C-A982-441F-B220-089713C42A1C}.Release|x64.Build.0 = Release|Win32
		{654A4F2C-A982-441F-B220-089713C42A1C}.Release|x86.ActiveCfg = Release|Win32
		{654A4F2C-A982-441F-B220-089713C42A1C}.Release|x86.Build.0 = Release|Win32
		{7BDAEF4D-2ED8-49F6-A150-D4D6A1CDAC98}.Release|Mixed Platforms.ActiveCfg = Release|Win32
		{7BDAEF4D-2ED8-49F6-A150-D4D6A1CDAC98}.Release|Mixed Platforms.Build.0 = Release|Win32
		{7BDAEF4D-2ED8-49F6-A150-D4D6A1CDAC98}.Release|Win32.ActiveCfg = Release|Win32
		{7BDAEF4D-2ED8-49F6-A150-D4D6A1CDAC98}.Release|Win32.Build.0 = Release|Win32
		{7BDAEF4D-2ED8-49F6-A150-D4D6A1CDAC98}.Release|x64.ActiveCfg = Release|Win32
		{7BDAEF4D-2ED8-49F6-A150-D4D6A1CDAC98}.Release|x64.Build.0 = Release|Win32
		{7BDAEF4D-2ED8-49F6-A150-D4D6A1CDAC98}.Release|x86.ActiveCfg = Release|Win32
		{7BDAEF4D-2ED8-49F6-A150-D4D6A1CDAC98}.Release|x86.Build.0 = Release|Win32
		{A02DB5E0-250D-4EB5-B825-FCA5974A4873}.Release|Mixed Platforms.ActiveCfg = Release|Win32
		{A02DB5E0-250D-4EB5-B825-FCA5974A4873}.Release|Mixed Platforms.Build.0 = Release|Win32
		{A02DB5E0-250D-4EB5-B825-FCA5974A4873}.Release|Win32.ActiveCfg = Release|Win32
		{A02DB5E0-250D-4EB5-B825-FCA5974A4873}.Release|Win32.Build.0 = Release|Win32
		{A02DB5E0-250D-4EB5-B825-FCA5974A4873}.Release|x64.ActiveCfg = Release|Win32
		{A02DB5E0-250D-4EB5-B825-FCA5974A4873}.Release|x64.Build.0 = Release|Win32
		{A02DB5E0-250D-4EB5-B825-FCA5974A4873}.Release|x86.ActiveCfg = Release|Win32
		{A02DB5E0-250D-4EB5-B825-FCA5974A4873}.Release|x86.Build.0 = Release|Win32
		{15B575A6-631B-4DDC-BC2B-789ED00B839B}.Release|Mixed Platforms.ActiveCfg = Release|Win32
		{15B575A6-631B-4DDC-BC2B-789ED00B839B}.Release|Mixed Platforms.Build.0 = Release|Win32
		{15B575A6-631B-4DDC-BC2B-789ED00B839B}.Release|Win32.ActiveCfg = Release|Win32
		{15B575A6-631B-4DDC-BC2B-789ED00B839B}.Release|Win32.Build.0 = Release|Win32
		{15B575A6-631B-4DDC-BC2B-789ED00B839B}.Release|x64.ActiveCfg = Release|Win32
		{15B575A6-631B-4DDC-BC2B-789ED00B839B}.Release|x64.Build.0 = Release|Win32
		{15B575A6-631B-4DDC-BC2B-789ED00B839B}.Release|x86.ActiveCfg = Release|Win32
		{15B575A6-631B-4DDC-BC2B-789ED00B839B}.Release|x86.Build.0 = Release|Win32
		{75E55736-7030-425C-A574-EF0E0E8347DC}.Release|Mixed Platforms.ActiveCfg = Release|Win32
		{75E55736-7030-425C-A574-EF0E0E8347DC}.Release|Mixed Platforms.Build.0 = Release|Win32
		{75E55736-7030-425C-A574-EF0E0E8347DC}.Release|Win32.ActiveCfg = Release|Win32
		{75E55736-7030-425C-A574-EF0E0E8347DC}.Release|Win32.Build.0 = Release|Win32
		{75E55736-7030-425C-A574-EF0E0E8347DC}.Release|x64.ActiveCfg = Release|Win32
		{75E55736-7030-425C-A574-EF0E0E8347DC}.Release|x64.Build.0 = Release|Win32
		{75E55736-7030-425C-A574-EF0E0E8347DC}.Release|x86.ActiveCfg = Release|Win32
		{75E55736-7030-425C-A574-EF0E0E8347DC}.Release|x86.Build.0 = Release|Win32
		{FCDB346C-38C9-4E5F-85ED-3D1096AF4F00}.Release|Mixed Platforms.ActiveCfg = Release|Win32
		{FCDB346C-38C9-4E5F-85ED-3D1096AF4F00}.Release|Mixed Platforms.Build.0 = Release|Win32
		{FCDB346C-38C9-4E5F-85ED-3D1096AF4F00}.Release|Win32.ActiveCfg = Release|Win32
		{FCDB346C-38C9-4E5F-85ED-3D1096AF4F00}.Release|Win32.Build.0 = Release|Win32
		{FCDB346C-38C9-4E5F-85ED-3D1096AF4F00}.Release|x64.ActiveCfg = Release|Win32
		{FCDB346C-38C9-4E5F-85ED-3D1096AF4F00}.Release|x64.Build.0 = Release|Win32
		{FCDB346C-38C9-4E5F-85ED-3D1096AF4F00}.Release|x86.ActiveCfg = Release|Win32
		{FCDB346C-38C9-4E5F-85ED-3D1096AF4F00}.Release|x86.Build.0 = Release|Win32
		{B5E4C8D0-BA2C-4E20-9CBD-ECDC6F169DE8}.Release|Mixed Platforms.ActiveCfg = Release|Win32
		{B5E4C8D0-BA2C-4E20-9CBD-ECDC6F169DE8}.Release|Mixed Platforms.Build.0 = Release|Win32
		{B5E4C8D0-BA2C-4E20-9CBD-ECDC6F169DE8}.Release|Win32.ActiveCfg = Release|Win32
		{B5E4C8D0-BA2C-4E20-9CBD-ECDC6F169DE8}.Release|Win32.Build.0 = Release|Win32
		{B5E4C8D0-BA2C-4E20-9CBD-ECDC6F169DE8}.Release|x64.ActiveCfg = Release|Win32
		{B5E4C8D0-BA2C-4E20-9CBD-ECDC6F169DE8}.Release|x64.Build.0 = Release|Win32
		{B5E4C8D0-BA2C-4E20-9CBD-ECDC6F169DE8}.Release|x86.ActiveCfg = Release|Win32
		{B5E4C8D0-BA2C-4E20-9CBD-ECDC6F169DE8}.Release|x86.Build.0 = Release|Win32
		{23B92FD4-9AC9-435A-AC4C-095B4D751DA8}.Release|Mixed Platforms.ActiveCfg = Release|Win32
		{23B92FD4-9AC9-435A-AC4C-095B4D751DA8}.Release|Mixed Platforms.Build.0 = Release|Win32
		{23B92FD4-9AC9-435A-AC4C-095B4D751DA8}.Release|Win32.ActiveCfg = Release|Win32
		{23B92FD4-9AC9-435A-AC4C-095B4D751DA8}.Release|Win32.Build.0 = Release|Win32
		{23B92FD4-9AC9-435A-AC4C-095B4D751DA8}.Release|x64.ActiveCfg = Release|Win32
		{23B92FD4-9AC9-435A-AC4C-095B4D751DA8}.Release|x64.Build.0 = Release|Win32
		{23B92FD4-9AC9-435A-AC4C-095B4D751DA8}.Release|x86.ActiveCfg = Release|Win32
		{23B92FD4-9AC9-435A-AC4C-095B4D751DA8}.Release|x86.Build.0 = Release|Win32
		{D8BA61EE-5F81-40F6-A19C-DA35E8070B45}.Release|Mixed Platforms.ActiveCfg = Release|Win32
		{D8BA61EE-5F81-40F6-A19C-DA35E8070B45}.Release|Mixed Platforms.Build.0 = Release|Win32
		{D8BA61EE-5F81-40F6-A19C-DA35E8070B45}.Release|Win32.ActiveCfg = Release|Win32
		{D8BA61EE-5F81-40F6-A19C-DA35E8070B45}.Release|Win32.Build.0 = Release|Win32
		{D8BA61EE-5F81-40F6-A19C-DA35E8070B45}.Release|x64.ActiveCfg = Release|Win32
		{D8BA61EE-5F81-40F6-A19C-DA35E8070B45}.Release|x64.Build.0 = Release|Win32
		{D8BA61EE-5F81-40F6-A19C-DA35E8070B45}.Release|x86.ActiveCfg = Release|Win32
		{D8BA61EE-5F81-40F6-A19C-DA35E8070B45}.Release|x86.Build.0 = Release|Win32
		{F5309C47-027D-4752-84FA-CCC74BB0CF8B}.Release|Mixed Platforms.ActiveCfg = Release|Win32
		{F5309C47-027D-4752-84FA-CCC74BB0CF8B}.Release|Mixed Platforms.Build.0 = Release|Win32
		{F5309C47-027D-4752-84FA-CCC74BB0CF8B}.Release|Win32.ActiveCfg = Release|Win32
		{F5309C47-027D-4752-84FA-CCC74BB0CF8B}.Release|Win32.Build.0 = Release|Win32
		{F5309C47-027D-4752-84FA-CCC74BB0CF8B}.Release|x64.ActiveCfg = Release|Win32
		{F5309C47-027D-4752-84FA-CCC74BB0CF8B}.Release|x64.Build.0 = Release|Win32
		{F5309C47-027D-4752-84FA-CCC74BB0CF8B}.Release|x86.ActiveCfg = Release|Win32
		{F5309C47-027D-4752-84FA-CCC74BB0CF8B}.Release|x86.Build.0 = Release|Win32
		{0A24F157-A7E8-4E00-B02A-26B4E4DC6AE3}.Release|Mixed Platforms.ActiveCfg = Release|Win32
		{0A24F157-A7E8-4E00-B02A-26B4E4DC6AE3}.Release|Mixed Platforms.Build.0 = Release|Win32
		{0A24F157-A7E8-4E00-B02A-26B4E4DC6AE3}.Release|Win32.ActiveCfg = Release|Win32
		{0A24F157-A7E8-4E00-B02A-26B4E4DC6AE3}.Release|Win32.Build.0 = Release|Win32
		{0A24F157-A7E8-4E00-B02A-26B4E4DC6AE3}.Release|x64.ActiveCfg = Release|Win32
		{0A24F157-A7E8-4E00-B02A-26B4E4DC6AE3}.Release|x64.Build.0 = Release|Win32
		{0A24F157-A7E8-4E00-B02A-26B4E4DC6AE3}.Release|x86.ActiveCfg = Release|Win32
		{0A24F157-A7E8-4E00-B02A-26B4E4DC6AE3}.Release|x86.Build.0 = Release|Win32
		{55F207E1-DB8C-4A7F-B537-7220F652487B}.Release|Mixed Platforms.ActiveCfg = Release|Win32
		{55F207E1-DB8C-4A7F-B537-7220F652487B}.Release|Mixed Platforms.Build.0 = Release|Win32
		{55F207E1-DB8C-4A7F-B537-7220F652487B}.Release|Win32.ActiveCfg = Release|Win32
		{55F207E1-DB8C-4A7F-B537-7220F652487B}.Release|Win32.Build.0 = Release|Win32
		{55F207E1-DB8C-4A7F-B537-7220F652487B}.Release|x64.ActiveCfg = Release|Win32
		{55F207E1-DB8C-4A7F-B537-7220F652487B}.Release|x64.Build.0 = Release|Win32
		{55F207E1-DB8C-4A7F-B537-7220F652487B}.Release|x86.ActiveCfg = Release|Win32
		{55F207E1-DB8C-4A7F-B537-7220F652487B}.Release|x86.Build.0 = Release|Win32
		{6435F350-3678-4307-AC22-CA86F6B20D3F}.Release|Mixed Platforms.ActiveCfg = Release|Win32
		{6435F350-3678-4307-AC22-CA86F6B20D3F}.Release|Mixed Platforms.Build.0 = Release|Win32
		{6435F350-3678-4307-AC22-CA86F6B20D3F}.Release|Win32.ActiveCfg = Release|Win32
		{6435F350-3678-4307-AC22-CA86F6B20D3F}.Release|Win32.Build.0 = Release|Win32
		{6435F350-3678-4307-AC22-CA86F6B20D3F}.Release|x64.ActiveCfg = Release|Win32
		{6435F350-3678-4307-AC22-CA86F6B20D3F}.Release|x64.Build.0 = Release|Win32
		{6435F350-3678-4307-AC22-CA86F6B20D3F}.Release|x86.ActiveCfg = Release|Win32
		{6435F350-3678-4307-AC22-CA86F6B20D3F}.Release|x86.Build.0 = Release|Win32
		{8BCB9D2D-2D91-4B08-A667-6021ABC4243B}.Release|Mixed Platforms.ActiveCfg = Release|x64
		{8BCB9D2D-2D91-4B08-A667-6021ABC4243B}.Release|Mixed Platforms.Build.0 = Release|x64
		{8BCB9D2D-2D91-4B08-A667-6021ABC4243B}.Release|Win32.ActiveCfg = Release|Win32
		{8BCB9D2D-2D91-4B08-A667-6021ABC4243B}.Release|Win32.Build.0 = Release|Win32
		{8BCB9D2D-2D91-4B08-A667-6021ABC4243B}.Release|x64.ActiveCfg = Release|x64
		{8BCB9D2D-2D91-4B08-A667-6021ABC4243B}.Release|x64.Build.0 = Release|x64
		{8BCB9D2D-2D91-4B08-A667-6021ABC4243B}.Release|x86.ActiveCfg = Release|Win32
		{8BCB9D2D-2D91-4B08-A667-6021ABC4243B}.Release|x86.Build.0 = Release|Win32
	EndGlobalSection
	GlobalSection(SolutionProperties) = preSolution
		HideSolutionNode = FALSE
	EndGlobalSection
	GlobalSection(NestedProjects) = preSolution
		{6C10432F-B473-4F09-958B-AC79E43EC1BA} = {EDC4F247-50CC-4086-8602-9E8749BAD694}
		{A1644095-11B3-475F-93C1-33075092199B} = {16908AB1-A016-4D16-9628-D9D3002043BD}
		{39FABBD1-ECB5-451F-9601-4A38B98C4F1B} = {EDC4F247-50CC-4086-8602-9E8749BAD694}
		{F563CA98-072B-4FC3-911A-53D86AD4890B} = {EDC4F247-50CC-4086-8602-9E8749BAD694}
		{7DC60117-79EC-4077-AAD2-CEDF528CDE3D} = {EDC4F247-50CC-4086-8602-9E8749BAD694}
		{1D0C0F1E-E6D3-4971-A209-7FD21E063295} = {EDC4F247-50CC-4086-8602-9E8749BAD694}
		{D41F3F2E-0C2D-4229-9698-2CD5BF3DAC01} = {EDC4F247-50CC-4086-8602-9E8749BAD694}
		{EE2F9AD1-827F-42AD-A1EE-A5FFBF16B7EA} = {996FA552-51E9-45C2-8A0E-8FB32FB1F35C}
		{594B2B46-1B8F-4006-A4ED-158628A6A692} = {996FA552-51E9-45C2-8A0E-8FB32FB1F35C}
		{5ACBADAB-57BD-4D46-B659-6446DC32AC8F} = {996FA552-51E9-45C2-8A0E-8FB32FB1F35C}
		{126AE974-BAD4-4BBB-B72C-8393E7E792BB} = {996FA552-51E9-45C2-8A0E-8FB32FB1F35C}
		{654A4F2C-A982-441F-B220-089713C42A1C} = {996FA552-51E9-45C2-8A0E-8FB32FB1F35C}
		{7BDAEF4D-2ED8-49F6-A150-D4D6A1CDAC98} = {996FA552-51E9-45C2-8A0E-8FB32FB1F35C}
		{A02DB5E0-250D-4EB5-B825-FCA5974A4873} = {996FA552-51E9-45C2-8A0E-8FB32FB1F35C}
		{15B575A6-631B-4DDC-BC2B-789ED00B839B} = {996FA552-51E9-45C2-8A0E-8FB32FB1F35C}
		{75E55736-7030-425C-A574-EF0E0E8347DC} = {996FA552-51E9-45C2-8A0E-8FB32FB1F35C}
		{FCDB346C-38C9-4E5F-85ED-3D1096AF4F00} = {996FA552-51E9-45C2-8A0E-8FB32FB1F35C}
		{B5E4C8D0-BA2C-4E20-9CBD-ECDC6F169DE8} = {996FA552-51E9-45C2-8A0E-8FB32FB1F35C}
		{23B92FD4-9AC9-435A-AC4C-095B4D751DA8} = {996FA552-51E9-45C2-8A0E-8FB32FB1F35C}
		{D8BA61EE-5F81-40F6-A19C-DA35E8070B45} = {996FA552-51E9-45C2-8A0E-8FB32FB1F35C}
		{F5309C47-027D-4752-84FA-CCC74BB0CF8B} = {996FA552-51E9-45C2-8A0E-8FB32FB1F35C}
		{0A24F157-A7E8-4E00-B02A-26B4E4DC6AE3} = {996FA552-51E9-45C2-8A0E-8FB32FB1F35C}
		{55F207E1-DB8C-4A7F-B537-7220F652487B} = {16908AB1-A016-4D16-9628-D9D3002043BD}
		{6435F350-3678-4307-AC22-CA86F6B20D3F} = {996FA552-51E9-45C2-8A0E-8FB32FB1F35C}
		{8BCB9D2D-2D91-4B08-A667-6021ABC4243B} = {996FA552-51E9-45C2-8A0E-8FB32FB1F35C}
	EndGlobalSection
	GlobalSection(ExtensibilityGlobals) = postSolution
		SolutionGuid = {C152FE74-EBCB-4769-866D-EE23955D621C}
	EndGlobalSection
EndGlobal
