<?xml version="1.0" encoding="utf-8"?>
<Project ToolsVersion="4.0" xmlns="http://schemas.microsoft.com/developer/msbuild/2003">
  <ItemGroup>
    <Filter Include="Source Files">
      <UniqueIdentifier>{4FC737F1-C7A5-4376-A066-2A32D752A2FF}</UniqueIdentifier>
      <Extensions>cpp;c;cc;cxx;def;odl;idl;hpj;bat;asm;asmx</Extensions>
    </Filter>
    <Filter Include="Header Files">
      <UniqueIdentifier>{93995380-89BD-4b04-88EB-625FBE52EBFB}</UniqueIdentifier>
      <Extensions>h;hh;hpp;hxx;hm;inl;inc;xsd</Extensions>
    </Filter>
    <Filter Include="Resource Files">
      <UniqueIdentifier>{67DA6AB6-F800-4c08-8B7A-83BB121AAD01}</UniqueIdentifier>
      <Extensions>rc;ico;cur;bmp;dlg;rc2;rct;bin;rgs;gif;jpg;jpeg;jpe;resx;tiff;tif;png;wav;mfcribbon-ms</Extensions>
    </Filter>
  </ItemGroup>
  <ItemGroup>
    <ClCompile Include="EditorBar.cpp">
      <Filter>Source Files</Filter>
    </ClCompile>
    <ClCompile Include="EditorSkinPiece.cpp">
      <Filter>Source Files</Filter>
    </ClCompile>
    <ClCompile Include="EditorSkinPieceDoc.cpp">
      <Filter>Source Files</Filter>
    </ClCompile>
    <ClCompile Include="EditorSkinPieceView.cpp">
      <Filter>Source Files</Filter>
    </ClCompile>
    <ClCompile Include="EditorSkinPieceViewD3D.cpp">
      <Filter>Source Files</Filter>
    </ClCompile>
    <ClCompile Include="Global.cpp">
      <Filter>Source Files</Filter>
    </ClCompile>
    <ClCompile Include="MainFrm.cpp">
      <Filter>Source Files</Filter>
    </ClCompile>
    <ClCompile Include="PageEff_00_Single.cpp">
      <Filter>Source Files</Filter>
    </ClCompile>
    <ClCompile Include="PageEff_01_Blur.cpp">
      <Filter>Source Files</Filter>
    </ClCompile>
    <ClCompile Include="PageEff_02_CloneBlur.cpp">
      <Filter>Source Files</Filter>
    </ClCompile>
    <ClCompile Include="PageEff_04_Shock.cpp">
      <Filter>Source Files</Filter>
    </ClCompile>
    <ClCompile Include="PageEff_06_Arrow.cpp">
      <Filter>Source Files</Filter>
    </ClCompile>
    <ClCompile Include="PageEff_08_Level.cpp">
      <Filter>Source Files</Filter>
    </ClCompile>
    <ClCompile Include="PageEff_10_Alpha.cpp">
      <Filter>Source Files</Filter>
    </ClCompile>
    <ClCompile Include="PageEff_11_Neon.cpp">
      <Filter>Source Files</Filter>
    </ClCompile>
    <ClCompile Include="PageEff_12_Mark.cpp">
      <Filter>Source Files</Filter>
    </ClCompile>
    <ClCompile Include="PageEff_13_NoAlpha.cpp">
      <Filter>Source Files</Filter>
    </ClCompile>
    <ClCompile Include="PageEff_14_Reflection2.cpp">
      <Filter>Source Files</Filter>
    </ClCompile>
    <ClCompile Include="PageEff_15_Ambient.cpp">
      <Filter>Source Files</Filter>
    </ClCompile>
    <ClCompile Include="PageEff_17_MultiTex.cpp">
      <Filter>Source Files</Filter>
    </ClCompile>
    <ClCompile Include="PageEff_18_Ghosting.cpp">
      <Filter>Source Files</Filter>
    </ClCompile>
    <ClCompile Include="PageEff_19_Specular2.cpp">
      <Filter>Source Files</Filter>
    </ClCompile>
    <ClCompile Include="PageEff_20_Toon.cpp">
      <Filter>Source Files</Filter>
    </ClCompile>
    <ClCompile Include="PageEff_21_TexDiff.cpp">
      <Filter>Source Files</Filter>
    </ClCompile>
    <ClCompile Include="PageEff_22_Particle.cpp">
      <Filter>Source Files</Filter>
    </ClCompile>
    <ClCompile Include="PageEff_23_BonePos.cpp">
      <Filter>Source Files</Filter>
    </ClCompile>
    <ClCompile Include="PageEff_24_BoneList.cpp">
      <Filter>Source Files</Filter>
    </ClCompile>
    <ClCompile Include="PageEff_25_UserColor.cpp">
      <Filter>Source Files</Filter>
    </ClCompile>
    <ClCompile Include="PageEff_26_Normal.cpp">
      <Filter>Source Files</Filter>
    </ClCompile>
    <ClCompile Include="PageEff_27_Line2Bone.cpp">
      <Filter>Source Files</Filter>
    </ClCompile>
    <ClCompile Include="PageEff_28_AroundEff.cpp">
      <Filter>Source Files</Filter>
    </ClCompile>
    <ClCompile Include="PageMain.cpp">
      <Filter>Source Files</Filter>
    </ClCompile>
    <ClCompile Include="SelColorDlg.cpp">
      <Filter>Source Files</Filter>
    </ClCompile>
    <ClCompile Include="SheetWithTab.cpp">
      <Filter>Source Files</Filter>
    </ClCompile>
    <ClCompile Include="stdafx.cpp">
      <Filter>Source Files</Filter>
    </ClCompile>
  </ItemGroup>
  <ItemGroup>
    <ClInclude Include="EditorBar.h">
      <Filter>Header Files</Filter>
    </ClInclude>
    <ClInclude Include="EditorSkinPiece.h">
      <Filter>Header Files</Filter>
    </ClInclude>
    <ClInclude Include="EditorSkinPieceDoc.h">
      <Filter>Header Files</Filter>
    </ClInclude>
    <ClInclude Include="EditorSkinPieceView.h">
      <Filter>Header Files</Filter>
    </ClInclude>
    <ClInclude Include="Global.h">
      <Filter>Header Files</Filter>
    </ClInclude>
    <ClInclude Include="MainFrm.h">
      <Filter>Header Files</Filter>
    </ClInclude>
    <ClInclude Include="PageEff_00_Single.h">
      <Filter>Header Files</Filter>
    </ClInclude>
    <ClInclude Include="PageEff_01_Blur.h">
      <Filter>Header Files</Filter>
    </ClInclude>
    <ClInclude Include="PageEff_02_CloneBlur.h">
      <Filter>Header Files</Filter>
    </ClInclude>
    <ClInclude Include="PageEff_04_Shock.h">
      <Filter>Header Files</Filter>
    </ClInclude>
    <ClInclude Include="PageEff_06_Arrow.h">
      <Filter>Header Files</Filter>
    </ClInclude>
    <ClInclude Include="PageEff_08_Level.h">
      <Filter>Header Files</Filter>
    </ClInclude>
    <ClInclude Include="PageEff_10_Alpha.h">
      <Filter>Header Files</Filter>
    </ClInclude>
    <ClInclude Include="PageEff_11_Neon.h">
      <Filter>Header Files</Filter>
    </ClInclude>
    <ClInclude Include="PageEff_12_Mark.h">
      <Filter>Header Files</Filter>
    </ClInclude>
    <ClInclude Include="PageEff_13_NoAlpha.h">
      <Filter>Header Files</Filter>
    </ClInclude>
    <ClInclude Include="PageEff_14_Reflection2.h">
      <Filter>Header Files</Filter>
    </ClInclude>
    <ClInclude Include="PageEff_15_Ambient.h">
      <Filter>Header Files</Filter>
    </ClInclude>
    <ClInclude Include="PageEff_17_MultiTex.h">
      <Filter>Header Files</Filter>
    </ClInclude>
    <ClInclude Include="PageEff_18_Ghosting.h">
      <Filter>Header Files</Filter>
    </ClInclude>
    <ClInclude Include="PageEff_19_Specular2.h">
      <Filter>Header Files</Filter>
    </ClInclude>
    <ClInclude Include="PageEff_20_Toon.h">
      <Filter>Header Files</Filter>
    </ClInclude>
    <ClInclude Include="PageEff_21_TexDiff.h">
      <Filter>Header Files</Filter>
    </ClInclude>
    <ClInclude Include="PageEff_22_Particle.h">
      <Filter>Header Files</Filter>
    </ClInclude>
    <ClInclude Include="PageEff_23_BonePos.h">
      <Filter>Header Files</Filter>
    </ClInclude>
    <ClInclude Include="PageEff_24_BoneList.h">
      <Filter>Header Files</Filter>
    </ClInclude>
    <ClInclude Include="PageEff_25_UserColor.h">
      <Filter>Header Files</Filter>
    </ClInclude>
    <ClInclude Include="PageEff_26_Normal.h">
      <Filter>Header Files</Filter>
    </ClInclude>
    <ClInclude Include="PageEff_27_Line2Bone.h">
      <Filter>Header Files</Filter>
    </ClInclude>
    <ClInclude Include="PageEff_28_AroundEff.h">
      <Filter>Header Files</Filter>
    </ClInclude>
    <ClInclude Include="PageMain.h">
      <Filter>Header Files</Filter>
    </ClInclude>
    <ClInclude Include="SelColorDlg.h">
      <Filter>Header Files</Filter>
    </ClInclude>
    <ClInclude Include="SheetWithTab.h">
      <Filter>Header Files</Filter>
    </ClInclude>
    <ClInclude Include="stdafx.h">
      <Filter>Header Files</Filter>
    </ClInclude>
    <ClInclude Include="resource.h">
      <Filter>Resource Files</Filter>
    </ClInclude>
  </ItemGroup>
  <ItemGroup>
    <ResourceCompile Include="EditorSkinPiece.rc">
      <Filter>Resource Files</Filter>
    </ResourceCompile>
  </ItemGroup>
  <ItemGroup>
    <Text Include="ReadMe.txt" />
  </ItemGroup>
</Project>